
Microsoft Visual Studio Solution File, Format Version 12.00
# Visual Studio Version 16
VisualStudioVersion = 16.0.29009.5
MinimumVisualStudioVersion = 10.0.40219.1
Project("{FAE04EC0-301F-11D3-BF4B-00C04F79EFBC}") = "PWSignalRNetCoreDemo", "PWSignalRNetCoreDemo\PWSignalRNetCoreDemo.csproj", "{8333A86A-E216-4AB3-B1C4-CB05A406B369}"
EndProject
Global
	GlobalSection(SolutionConfigurationPlatforms) = preSolution
		Debug|Any CPU = Debug|Any CPU
		Release|Any CPU = Release|Any CPU
	EndGlobalSection
	GlobalSection(ProjectConfigurationPlatforms) = postSolution
		{8333A86A-E216-4AB3-B1C4-CB05A406B369}.Debug|Any CPU.ActiveCfg = Debug|Any CPU
		{8333A86A-E216-4AB3-B1C4-CB05A406B369}.Debug|Any CPU.Build.0 = Debug|Any CPU
		{8333A86A-E216-4AB3-B1C4-CB05A406B369}.Release|Any CPU.ActiveCfg = Release|Any CPU
		{8333A86A-E216-4AB3-B1C4-CB05A406B369}.Release|Any CPU.Build.0 = Release|Any CPU
	EndGlobalSection
	GlobalSection(SolutionProperties) = preSolution
		HideSolutionNode = FALSE
	EndGlobalSection
	GlobalSection(ExtensibilityGlobals) = postSolution
		SolutionGuid = {313E0A96-46B7-4842-97E8-BCADB0267951}
	EndGlobalSection
EndGlobal
